
Microsoft Visual Studio Solution File, Format Version 12.00
# Visual Studio Version 16
VisualStudioVersion = 16.0.29905.134
MinimumVisualStudioVersion = 10.0.40219.1
Project("{FAE04EC0-301F-11D3-BF4B-00C04F79EFBC}") = "CareBearStare", "CareBearStare\CareBearStare.csproj", "{E133A09B-7C4C-479E-B9AA-81B028AF3AB8}"
EndProject
Global
	GlobalSection(SolutionConfigurationPlatforms) = preSolution
		Debug|Any CPU = Debug|Any CPU
		Release|Any CPU = Release|Any CPU
	EndGlobalSection
	GlobalSection(ProjectConfigurationPlatforms) = postSolution
		{E133A09B-7C4C-479E-B9AA-81B028AF3AB8}.Debug|Any CPU.ActiveCfg = Debug|Any CPU
		{E133A09B-7C4C-479E-B9AA-81B028AF3AB8}.Debug|Any CPU.Build.0 = Debug|Any CPU
		{E133A09B-7C4C-479E-B9AA-81B028AF3AB8}.Release|Any CPU.ActiveCfg = Release|Any CPU
		{E133A09B-7C4C-479E-B9AA-81B028AF3AB8}.Release|Any CPU.Build.0 = Release|Any CPU
	EndGlobalSection
	GlobalSection(SolutionProperties) = preSolution
		HideSolutionNode = FALSE
	EndGlobalSection
	GlobalSection(ExtensibilityGlobals) = postSolution
		SolutionGuid = {15F9CCF6-1EDA-45D6-82C3-D7F7608B8B9C}
	EndGlobalSection
EndGlobal
